{
  "pins" : [
    {
      "identity" : "bricbrac",
      "kind" : "remoteSourceControl",
      "location" : "https://github.com/marcprux/BricBrac",
      "state" : {
        "revision" : "1bf4ebb7d2ddabaf94173cbd8e50b3fae379b219",
        "version" : "4.0.0"
      }
    },
    {
      "identity" : "swift-docc-plugin",
      "kind" : "remoteSourceControl",
      "location" : "https://github.com/apple/swift-docc-plugin",
      "state" : {
        "revision" : "3303b164430d9a7055ba484c8ead67a52f7b74f6",
        "version" : "1.0.0"
      }
    }
  ],
  "version" : 2
}
