// !$*UTF8*$!
{
	archiveVersion = 1;
	classes = {
	};
	objectVersion = 46;
	objects = {

/* Begin PBXBuildFile section */
		7E0E8C271B6FA7170003FEC6 /* KanjiLib.h in Headers */ = {isa = PBXBuildFile; fileRef = 7E0E8C261B6FA7170003FEC6 /* KanjiLib.h */; settings = {ATTRIBUTES = (Public, ); }; };
		7E0E8C2E1B6FA7170003FEC6 /* KanjiLib.framework in Frameworks */ = {isa = PBXBuildFile; fileRef = 7E0E8C241B6FA7170003FEC6 /* KanjiLib.framework */; };
		7E0E8C331B6FA7170003FEC6 /* KanjiLibTests.swift in Sources */ = {isa = PBXBuildFile; fileRef = 7E0E8C321B6FA7170003FEC6 /* KanjiLibTests.swift */; };
		7E0E8C3B1B6FA7350003FEC6 /* KanjiLib.framework in Frameworks */ = {isa = PBXBuildFile; fileRef = 7E0E8C241B6FA7170003FEC6 /* KanjiLib.framework */; };
		7E0E8C3C1B6FA73C0003FEC6 /* KanjiVM.framework in Frameworks */ = {isa = PBXBuildFile; fileRef = 7EA888051AAAB6DF00C6DBB3 /* KanjiVM.framework */; };
		7E0E8C441B6FA85E0003FEC6 /* KanjiLib.swift in Sources */ = {isa = PBXBuildFile; fileRef = 7E0E8C431B6FA85E0003FEC6 /* KanjiLib.swift */; };
		7E0E8C461B6FB5AD0003FEC6 /* KanjiGenerator.swift in Sources */ = {isa = PBXBuildFile; fileRef = 7E0E8C451B6FB5AD0003FEC6 /* KanjiGenerator.swift */; };
		7E5ABD971B60483C00F11C77 /* KanjiScript.h in Headers */ = {isa = PBXBuildFile; fileRef = 7E5ABD961B60483C00F11C77 /* KanjiScript.h */; settings = {ATTRIBUTES = (Public, ); }; };
		7E5ABD9E1B60483C00F11C77 /* KanjiScript.framework in Frameworks */ = {isa = PBXBuildFile; fileRef = 7E5ABD941B60483B00F11C77 /* KanjiScript.framework */; };
		7E5ABDA31B60483C00F11C77 /* KanjiScriptTests.swift in Sources */ = {isa = PBXBuildFile; fileRef = 7E5ABDA21B60483C00F11C77 /* KanjiScriptTests.swift */; };
		7E5ABDAB1B60484D00F11C77 /* KanjiVM.framework in Frameworks */ = {isa = PBXBuildFile; fileRef = 7EA888051AAAB6DF00C6DBB3 /* KanjiVM.framework */; };
		7E5ABDAC1B60484D00F11C77 /* InterScript.framework in Frameworks */ = {isa = PBXBuildFile; fileRef = 7E6BD2EE1B60476500501450 /* InterScript.framework */; };
		7E5ABDAE1B60484D00F11C77 /* BricBrac.framework in Frameworks */ = {isa = PBXBuildFile; fileRef = 7E5ABDAD1B60484D00F11C77 /* BricBrac.framework */; };
		7E5ABDB01B60488C00F11C77 /* KanjiScript.swift in Sources */ = {isa = PBXBuildFile; fileRef = 7E5ABDAF1B60488C00F11C77 /* KanjiScript.swift */; };
		7E5D8B4A1B66F3260038E02B /* KanjiGen.h in Headers */ = {isa = PBXBuildFile; fileRef = 7E5D8B491B66F3260038E02B /* KanjiGen.h */; settings = {ATTRIBUTES = (Public, ); }; };
		7E5D8B511B66F3260038E02B /* KanjiGen.framework in Frameworks */ = {isa = PBXBuildFile; fileRef = 7E5D8B471B66F3250038E02B /* KanjiGen.framework */; };
		7E5D8B561B66F3260038E02B /* KanjiGenTests.swift in Sources */ = {isa = PBXBuildFile; fileRef = 7E5D8B551B66F3260038E02B /* KanjiGenTests.swift */; };
		7E7D86B41B714A2B00D0F5DC /* jdk1.8.0_51.jdk in Resources */ = {isa = PBXBuildFile; fileRef = 7E7D86B31B714A2B00D0F5DC /* jdk1.8.0_51.jdk */; };
		7E7D86B61B714A3500D0F5DC /* libjli.dylib in Frameworks */ = {isa = PBXBuildFile; fileRef = 7E7D86B51B714A3500D0F5DC /* libjli.dylib */; };
		7EA8880B1AAAB6DF00C6DBB3 /* KanjiVM.h in Headers */ = {isa = PBXBuildFile; fileRef = 7EA8880A1AAAB6DF00C6DBB3 /* KanjiVM.h */; settings = {ATTRIBUTES = (Public, ); }; };
		7EA888111AAAB6DF00C6DBB3 /* KanjiVM.framework in Frameworks */ = {isa = PBXBuildFile; fileRef = 7EA888051AAAB6DF00C6DBB3 /* KanjiVM.framework */; };
		7EA888181AAAB6DF00C6DBB3 /* KanjiVMTests.swift in Sources */ = {isa = PBXBuildFile; fileRef = 7EA888171AAAB6DF00C6DBB3 /* KanjiVMTests.swift */; };
		7EA888301AAAB8B900C6DBB3 /* JVM.swift in Sources */ = {isa = PBXBuildFile; fileRef = 7EA8882F1AAAB8B900C6DBB3 /* JVM.swift */; };
		7EA888371AAAD7EB00C6DBB3 /* javashim.c in Sources */ = {isa = PBXBuildFile; fileRef = 7EA888361AAAD7EB00C6DBB3 /* javashim.c */; };
		7EFA6B0E1B703F9F00EF276A /* JavaLib.swift in Sources */ = {isa = PBXBuildFile; fileRef = 7EFA6B0D1B703F9F00EF276A /* JavaLib.swift */; };
/* End PBXBuildFile section */

/* Begin PBXContainerItemProxy section */
		7E0E8C2F1B6FA7170003FEC6 /* PBXContainerItemProxy */ = {
			isa = PBXContainerItemProxy;
			containerPortal = 7EA887FC1AAAB6DF00C6DBB3 /* Project object */;
			proxyType = 1;
			remoteGlobalIDString = 7E0E8C231B6FA7170003FEC6;
			remoteInfo = KanjiLib;
		};
		7E5ABD9F1B60483C00F11C77 /* PBXContainerItemProxy */ = {
			isa = PBXContainerItemProxy;
			containerPortal = 7EA887FC1AAAB6DF00C6DBB3 /* Project object */;
			proxyType = 1;
			remoteGlobalIDString = 7E5ABD931B60483B00F11C77;
			remoteInfo = KanjiScript;
		};
		7E5D8B521B66F3260038E02B /* PBXContainerItemProxy */ = {
			isa = PBXContainerItemProxy;
			containerPortal = 7EA887FC1AAAB6DF00C6DBB3 /* Project object */;
			proxyType = 1;
			remoteGlobalIDString = 7E5D8B461B66F3250038E02B;
			remoteInfo = KanjiGen;
		};
		7E7D86AD1B711ADA00D0F5DC /* PBXContainerItemProxy */ = {
			isa = PBXContainerItemProxy;
			containerPortal = 7EA887FC1AAAB6DF00C6DBB3 /* Project object */;
			proxyType = 1;
			remoteGlobalIDString = 7EA888041AAAB6DF00C6DBB3;
			remoteInfo = KanjiVM;
		};
		7E7D86AF1B711AE000D0F5DC /* PBXContainerItemProxy */ = {
			isa = PBXContainerItemProxy;
			containerPortal = 7EA887FC1AAAB6DF00C6DBB3 /* Project object */;
			proxyType = 1;
			remoteGlobalIDString = 7EA888041AAAB6DF00C6DBB3;
			remoteInfo = KanjiVM;
		};
		7E7D86B11B711AE400D0F5DC /* PBXContainerItemProxy */ = {
			isa = PBXContainerItemProxy;
			containerPortal = 7EA887FC1AAAB6DF00C6DBB3 /* Project object */;
			proxyType = 1;
			remoteGlobalIDString = 7E0E8C231B6FA7170003FEC6;
			remoteInfo = KanjiLib;
		};
		7EA888121AAAB6DF00C6DBB3 /* PBXContainerItemProxy */ = {
			isa = PBXContainerItemProxy;
			containerPortal = 7EA887FC1AAAB6DF00C6DBB3 /* Project object */;
			proxyType = 1;
			remoteGlobalIDString = 7EA888041AAAB6DF00C6DBB3;
			remoteInfo = KanjiVM;
		};
/* End PBXContainerItemProxy section */

/* Begin PBXFileReference section */
		7E0E8C241B6FA7170003FEC6 /* KanjiLib.framework */ = {isa = PBXFileReference; explicitFileType = wrapper.framework; includeInIndex = 0; path = KanjiLib.framework; sourceTree = BUILT_PRODUCTS_DIR; };
		7E0E8C261B6FA7170003FEC6 /* KanjiLib.h */ = {isa = PBXFileReference; lastKnownFileType = sourcecode.c.h; path = KanjiLib.h; sourceTree = "<group>"; };
		7E0E8C281B6FA7170003FEC6 /* Info.plist */ = {isa = PBXFileReference; lastKnownFileType = text.plist.xml; path = Info.plist; sourceTree = "<group>"; };
		7E0E8C2D1B6FA7170003FEC6 /* KanjiLibTests.xctest */ = {isa = PBXFileReference; explicitFileType = wrapper.cfbundle; includeInIndex = 0; path = KanjiLibTests.xctest; sourceTree = BUILT_PRODUCTS_DIR; };
		7E0E8C321B6FA7170003FEC6 /* KanjiLibTests.swift */ = {isa = PBXFileReference; lastKnownFileType = sourcecode.swift; path = KanjiLibTests.swift; sourceTree = "<group>"; };
		7E0E8C341B6FA7170003FEC6 /* Info.plist */ = {isa = PBXFileReference; lastKnownFileType = text.plist.xml; path = Info.plist; sourceTree = "<group>"; };
		7E0E8C431B6FA85E0003FEC6 /* KanjiLib.swift */ = {isa = PBXFileReference; fileEncoding = 4; lastKnownFileType = sourcecode.swift; path = KanjiLib.swift; sourceTree = "<group>"; };
		7E0E8C451B6FB5AD0003FEC6 /* KanjiGenerator.swift */ = {isa = PBXFileReference; fileEncoding = 4; lastKnownFileType = sourcecode.swift; path = KanjiGenerator.swift; sourceTree = "<group>"; };
		7E5ABD941B60483B00F11C77 /* KanjiScript.framework */ = {isa = PBXFileReference; explicitFileType = wrapper.framework; includeInIndex = 0; path = KanjiScript.framework; sourceTree = BUILT_PRODUCTS_DIR; };
		7E5ABD961B60483C00F11C77 /* KanjiScript.h */ = {isa = PBXFileReference; lastKnownFileType = sourcecode.c.h; path = KanjiScript.h; sourceTree = "<group>"; };
		7E5ABD981B60483C00F11C77 /* Info.plist */ = {isa = PBXFileReference; lastKnownFileType = text.plist.xml; path = Info.plist; sourceTree = "<group>"; };
		7E5ABD9D1B60483C00F11C77 /* KanjiScriptTests.xctest */ = {isa = PBXFileReference; explicitFileType = wrapper.cfbundle; includeInIndex = 0; path = KanjiScriptTests.xctest; sourceTree = BUILT_PRODUCTS_DIR; };
		7E5ABDA21B60483C00F11C77 /* KanjiScriptTests.swift */ = {isa = PBXFileReference; lastKnownFileType = sourcecode.swift; path = KanjiScriptTests.swift; sourceTree = "<group>"; };
		7E5ABDA41B60483C00F11C77 /* Info.plist */ = {isa = PBXFileReference; lastKnownFileType = text.plist.xml; path = Info.plist; sourceTree = "<group>"; };
		7E5ABDAD1B60484D00F11C77 /* BricBrac.framework */ = {isa = PBXFileReference; lastKnownFileType = wrapper.framework; name = BricBrac.framework; path = "../Bric-à-brac/build/Debug/BricBrac.framework"; sourceTree = "<group>"; };
		7E5ABDAF1B60488C00F11C77 /* KanjiScript.swift */ = {isa = PBXFileReference; fileEncoding = 4; lastKnownFileType = sourcecode.swift; path = KanjiScript.swift; sourceTree = "<group>"; };
		7E5D8B471B66F3250038E02B /* KanjiGen.framework */ = {isa = PBXFileReference; explicitFileType = wrapper.framework; includeInIndex = 0; path = KanjiGen.framework; sourceTree = BUILT_PRODUCTS_DIR; };
		7E5D8B491B66F3260038E02B /* KanjiGen.h */ = {isa = PBXFileReference; lastKnownFileType = sourcecode.c.h; path = KanjiGen.h; sourceTree = "<group>"; };
		7E5D8B4B1B66F3260038E02B /* Info.plist */ = {isa = PBXFileReference; lastKnownFileType = text.plist.xml; path = Info.plist; sourceTree = "<group>"; };
		7E5D8B501B66F3260038E02B /* KanjiGenTests.xctest */ = {isa = PBXFileReference; explicitFileType = wrapper.cfbundle; includeInIndex = 0; path = KanjiGenTests.xctest; sourceTree = BUILT_PRODUCTS_DIR; };
		7E5D8B551B66F3260038E02B /* KanjiGenTests.swift */ = {isa = PBXFileReference; lastKnownFileType = sourcecode.swift; path = KanjiGenTests.swift; sourceTree = "<group>"; };
		7E5D8B571B66F3260038E02B /* Info.plist */ = {isa = PBXFileReference; lastKnownFileType = text.plist.xml; path = Info.plist; sourceTree = "<group>"; };
		7E6BD2EE1B60476500501450 /* InterScript.framework */ = {isa = PBXFileReference; lastKnownFileType = wrapper.framework; name = InterScript.framework; path = "../../../../../Users/mprudhom/Library/Developer/Xcode/DerivedData/GlimpseX-ghxqrskqmvupmtcsazodbvxbtmtv/Build/Products/Debug/InterScript.framework"; sourceTree = "<group>"; };
		7E7D86B31B714A2B00D0F5DC /* jdk1.8.0_51.jdk */ = {isa = PBXFileReference; lastKnownFileType = folder; name = jdk1.8.0_51.jdk; path = ../../../../../../Library/Java/JavaVirtualMachines/jdk1.8.0_51.jdk; sourceTree = "<group>"; };
		7E7D86B51B714A3500D0F5DC /* libjli.dylib */ = {isa = PBXFileReference; lastKnownFileType = "compiled.mach-o.dylib"; name = libjli.dylib; path = /Library/Java/JavaVirtualMachines/jdk1.8.0_51.jdk/Contents/MacOS/libjli.dylib; sourceTree = "<absolute>"; };
		7EA888051AAAB6DF00C6DBB3 /* KanjiVM.framework */ = {isa = PBXFileReference; explicitFileType = wrapper.framework; includeInIndex = 0; path = KanjiVM.framework; sourceTree = BUILT_PRODUCTS_DIR; };
		7EA888091AAAB6DF00C6DBB3 /* Info.plist */ = {isa = PBXFileReference; lastKnownFileType = text.plist.xml; path = Info.plist; sourceTree = "<group>"; };
		7EA8880A1AAAB6DF00C6DBB3 /* KanjiVM.h */ = {isa = PBXFileReference; lastKnownFileType = sourcecode.c.h; path = KanjiVM.h; sourceTree = "<group>"; };
		7EA888101AAAB6DF00C6DBB3 /* KanjiVMTests.xctest */ = {isa = PBXFileReference; explicitFileType = wrapper.cfbundle; includeInIndex = 0; path = KanjiVMTests.xctest; sourceTree = BUILT_PRODUCTS_DIR; };
		7EA888161AAAB6DF00C6DBB3 /* Info.plist */ = {isa = PBXFileReference; lastKnownFileType = text.plist.xml; path = Info.plist; sourceTree = "<group>"; };
		7EA888171AAAB6DF00C6DBB3 /* KanjiVMTests.swift */ = {isa = PBXFileReference; lastKnownFileType = sourcecode.swift; path = KanjiVMTests.swift; sourceTree = "<group>"; };
		7EA8882F1AAAB8B900C6DBB3 /* JVM.swift */ = {isa = PBXFileReference; fileEncoding = 4; lastKnownFileType = sourcecode.swift; path = JVM.swift; sourceTree = "<group>"; };
		7EA888361AAAD7EB00C6DBB3 /* javashim.c */ = {isa = PBXFileReference; fileEncoding = 4; lastKnownFileType = sourcecode.c.c; path = javashim.c; sourceTree = "<group>"; };
		7EFA6B0D1B703F9F00EF276A /* JavaLib.swift */ = {isa = PBXFileReference; fileEncoding = 4; lastKnownFileType = sourcecode.swift; path = JavaLib.swift; sourceTree = "<group>"; };
/* End PBXFileReference section */

/* Begin PBXFrameworksBuildPhase section */
		7E0E8C201B6FA7170003FEC6 /* Frameworks */ = {
			isa = PBXFrameworksBuildPhase;
			buildActionMask = 2147483647;
			files = (
				7E0E8C3C1B6FA73C0003FEC6 /* KanjiVM.framework in Frameworks */,
			);
			runOnlyForDeploymentPostprocessing = 0;
		};
		7E0E8C2A1B6FA7170003FEC6 /* Frameworks */ = {
			isa = PBXFrameworksBuildPhase;
			buildActionMask = 2147483647;
			files = (
				7E0E8C2E1B6FA7170003FEC6 /* KanjiLib.framework in Frameworks */,
			);
			runOnlyForDeploymentPostprocessing = 0;
		};
		7E5ABD901B60483B00F11C77 /* Frameworks */ = {
			isa = PBXFrameworksBuildPhase;
			buildActionMask = 2147483647;
			files = (
				7E0E8C3B1B6FA7350003FEC6 /* KanjiLib.framework in Frameworks */,
				7E5ABDAE1B60484D00F11C77 /* BricBrac.framework in Frameworks */,
				7E5ABDAB1B60484D00F11C77 /* KanjiVM.framework in Frameworks */,
				7E5ABDAC1B60484D00F11C77 /* InterScript.framework in Frameworks */,
			);
			runOnlyForDeploymentPostprocessing = 0;
		};
		7E5ABD9A1B60483C00F11C77 /* Frameworks */ = {
			isa = PBXFrameworksBuildPhase;
			buildActionMask = 2147483647;
			files = (
				7E5ABD9E1B60483C00F11C77 /* KanjiScript.framework in Frameworks */,
			);
			runOnlyForDeploymentPostprocessing = 0;
		};
		7E5D8B431B66F3250038E02B /* Frameworks */ = {
			isa = PBXFrameworksBuildPhase;
			buildActionMask = 2147483647;
			files = (
			);
			runOnlyForDeploymentPostprocessing = 0;
		};
		7E5D8B4D1B66F3260038E02B /* Frameworks */ = {
			isa = PBXFrameworksBuildPhase;
			buildActionMask = 2147483647;
			files = (
				7E5D8B511B66F3260038E02B /* KanjiGen.framework in Frameworks */,
			);
			runOnlyForDeploymentPostprocessing = 0;
		};
		7EA888011AAAB6DF00C6DBB3 /* Frameworks */ = {
			isa = PBXFrameworksBuildPhase;
			buildActionMask = 2147483647;
			files = (
				7E7D86B61B714A3500D0F5DC /* libjli.dylib in Frameworks */,
			);
			runOnlyForDeploymentPostprocessing = 0;
		};
		7EA8880D1AAAB6DF00C6DBB3 /* Frameworks */ = {
			isa = PBXFrameworksBuildPhase;
			buildActionMask = 2147483647;
			files = (
				7EA888111AAAB6DF00C6DBB3 /* KanjiVM.framework in Frameworks */,
			);
			runOnlyForDeploymentPostprocessing = 0;
		};
/* End PBXFrameworksBuildPhase section */

/* Begin PBXGroup section */
		7E0E8C251B6FA7170003FEC6 /* KanjiLib */ = {
			isa = PBXGroup;
			children = (
				7E0E8C261B6FA7170003FEC6 /* KanjiLib.h */,
				7E0E8C431B6FA85E0003FEC6 /* KanjiLib.swift */,
				7EFA6B0D1B703F9F00EF276A /* JavaLib.swift */,
				7E0E8C281B6FA7170003FEC6 /* Info.plist */,
			);
			path = KanjiLib;
			sourceTree = "<group>";
		};
		7E0E8C311B6FA7170003FEC6 /* KanjiLibTests */ = {
			isa = PBXGroup;
			children = (
				7E0E8C321B6FA7170003FEC6 /* KanjiLibTests.swift */,
				7E0E8C341B6FA7170003FEC6 /* Info.plist */,
			);
			path = KanjiLibTests;
			sourceTree = "<group>";
		};
		7E5ABD951B60483C00F11C77 /* KanjiScript */ = {
			isa = PBXGroup;
			children = (
				7E5ABD961B60483C00F11C77 /* KanjiScript.h */,
				7E5ABD981B60483C00F11C77 /* Info.plist */,
				7E5ABDAF1B60488C00F11C77 /* KanjiScript.swift */,
			);
			path = KanjiScript;
			sourceTree = "<group>";
		};
		7E5ABDA11B60483C00F11C77 /* KanjiScriptTests */ = {
			isa = PBXGroup;
			children = (
				7E5ABDA21B60483C00F11C77 /* KanjiScriptTests.swift */,
				7E5ABDA41B60483C00F11C77 /* Info.plist */,
			);
			path = KanjiScriptTests;
			sourceTree = "<group>";
		};
		7E5D8B481B66F3250038E02B /* KanjiGen */ = {
			isa = PBXGroup;
			children = (
				7E5D8B491B66F3260038E02B /* KanjiGen.h */,
				7E5D8B4B1B66F3260038E02B /* Info.plist */,
				7E0E8C451B6FB5AD0003FEC6 /* KanjiGenerator.swift */,
			);
			path = KanjiGen;
			sourceTree = "<group>";
		};
		7E5D8B541B66F3260038E02B /* KanjiGenTests */ = {
			isa = PBXGroup;
			children = (
				7E5D8B551B66F3260038E02B /* KanjiGenTests.swift */,
				7E5D8B571B66F3260038E02B /* Info.plist */,
			);
			path = KanjiGenTests;
			sourceTree = "<group>";
		};
		7EA887FB1AAAB6DF00C6DBB3 = {
			isa = PBXGroup;
			children = (
				7EA888071AAAB6DF00C6DBB3 /* KanjiVM */,
				7EA888141AAAB6DF00C6DBB3 /* KanjiVMTests */,
				7E0E8C251B6FA7170003FEC6 /* KanjiLib */,
				7E0E8C311B6FA7170003FEC6 /* KanjiLibTests */,
				7E5ABD951B60483C00F11C77 /* KanjiScript */,
				7E5ABDA11B60483C00F11C77 /* KanjiScriptTests */,
				7E5D8B481B66F3250038E02B /* KanjiGen */,
				7E5D8B541B66F3260038E02B /* KanjiGenTests */,
				7EA888061AAAB6DF00C6DBB3 /* Products */,
				7E5ABDAD1B60484D00F11C77 /* BricBrac.framework */,
				7E6BD2EE1B60476500501450 /* InterScript.framework */,
			);
			sourceTree = "<group>";
		};
		7EA888061AAAB6DF00C6DBB3 /* Products */ = {
			isa = PBXGroup;
			children = (
				7EA888051AAAB6DF00C6DBB3 /* KanjiVM.framework */,
				7EA888101AAAB6DF00C6DBB3 /* KanjiVMTests.xctest */,
				7E5ABD941B60483B00F11C77 /* KanjiScript.framework */,
				7E5ABD9D1B60483C00F11C77 /* KanjiScriptTests.xctest */,
				7E5D8B471B66F3250038E02B /* KanjiGen.framework */,
				7E5D8B501B66F3260038E02B /* KanjiGenTests.xctest */,
				7E0E8C241B6FA7170003FEC6 /* KanjiLib.framework */,
				7E0E8C2D1B6FA7170003FEC6 /* KanjiLibTests.xctest */,
			);
			name = Products;
			sourceTree = "<group>";
		};
		7EA888071AAAB6DF00C6DBB3 /* KanjiVM */ = {
			isa = PBXGroup;
			children = (
				7EA8882F1AAAB8B900C6DBB3 /* JVM.swift */,
				7EA8880A1AAAB6DF00C6DBB3 /* KanjiVM.h */,
				7EA888361AAAD7EB00C6DBB3 /* javashim.c */,
				7EA888081AAAB6DF00C6DBB3 /* Supporting Files */,
			);
			path = KanjiVM;
			sourceTree = "<group>";
		};
		7EA888081AAAB6DF00C6DBB3 /* Supporting Files */ = {
			isa = PBXGroup;
			children = (
				7EA888091AAAB6DF00C6DBB3 /* Info.plist */,
				7E7D86B51B714A3500D0F5DC /* libjli.dylib */,
				7E7D86B31B714A2B00D0F5DC /* jdk1.8.0_51.jdk */,
			);
			name = "Supporting Files";
			sourceTree = "<group>";
		};
		7EA888141AAAB6DF00C6DBB3 /* KanjiVMTests */ = {
			isa = PBXGroup;
			children = (
				7EA888171AAAB6DF00C6DBB3 /* KanjiVMTests.swift */,
				7EA888151AAAB6DF00C6DBB3 /* Supporting Files */,
			);
			path = KanjiVMTests;
			sourceTree = "<group>";
		};
		7EA888151AAAB6DF00C6DBB3 /* Supporting Files */ = {
			isa = PBXGroup;
			children = (
				7EA888161AAAB6DF00C6DBB3 /* Info.plist */,
			);
			name = "Supporting Files";
			sourceTree = "<group>";
		};
/* End PBXGroup section */

/* Begin PBXHeadersBuildPhase section */
		7E0E8C211B6FA7170003FEC6 /* Headers */ = {
			isa = PBXHeadersBuildPhase;
			buildActionMask = 2147483647;
			files = (
				7E0E8C271B6FA7170003FEC6 /* KanjiLib.h in Headers */,
			);
			runOnlyForDeploymentPostprocessing = 0;
		};
		7E5ABD911B60483B00F11C77 /* Headers */ = {
			isa = PBXHeadersBuildPhase;
			buildActionMask = 2147483647;
			files = (
				7E5ABD971B60483C00F11C77 /* KanjiScript.h in Headers */,
			);
			runOnlyForDeploymentPostprocessing = 0;
		};
		7E5D8B441B66F3250038E02B /* Headers */ = {
			isa = PBXHeadersBuildPhase;
			buildActionMask = 2147483647;
			files = (
				7E5D8B4A1B66F3260038E02B /* KanjiGen.h in Headers */,
			);
			runOnlyForDeploymentPostprocessing = 0;
		};
		7EA888021AAAB6DF00C6DBB3 /* Headers */ = {
			isa = PBXHeadersBuildPhase;
			buildActionMask = 2147483647;
			files = (
				7EA8880B1AAAB6DF00C6DBB3 /* KanjiVM.h in Headers */,
			);
			runOnlyForDeploymentPostprocessing = 0;
		};
/* End PBXHeadersBuildPhase section */

/* Begin PBXNativeTarget section */
		7E0E8C231B6FA7170003FEC6 /* KanjiLib */ = {
			isa = PBXNativeTarget;
			buildConfigurationList = 7E0E8C351B6FA7170003FEC6 /* Build configuration list for PBXNativeTarget "KanjiLib" */;
			buildPhases = (
				7E0E8C1F1B6FA7170003FEC6 /* Sources */,
				7E0E8C201B6FA7170003FEC6 /* Frameworks */,
				7E0E8C211B6FA7170003FEC6 /* Headers */,
				7E0E8C221B6FA7170003FEC6 /* Resources */,
			);
			buildRules = (
			);
			dependencies = (
				7E7D86B01B711AE000D0F5DC /* PBXTargetDependency */,
			);
			name = KanjiLib;
			productName = KanjiLib;
			productReference = 7E0E8C241B6FA7170003FEC6 /* KanjiLib.framework */;
			productType = "com.apple.product-type.framework";
		};
		7E0E8C2C1B6FA7170003FEC6 /* KanjiLibTests */ = {
			isa = PBXNativeTarget;
			buildConfigurationList = 7E0E8C381B6FA7170003FEC6 /* Build configuration list for PBXNativeTarget "KanjiLibTests" */;
			buildPhases = (
				7E0E8C291B6FA7170003FEC6 /* Sources */,
				7E0E8C2A1B6FA7170003FEC6 /* Frameworks */,
				7E0E8C2B1B6FA7170003FEC6 /* Resources */,
			);
			buildRules = (
			);
			dependencies = (
				7E0E8C301B6FA7170003FEC6 /* PBXTargetDependency */,
			);
			name = KanjiLibTests;
			productName = KanjiLibTests;
			productReference = 7E0E8C2D1B6FA7170003FEC6 /* KanjiLibTests.xctest */;
			productType = "com.apple.product-type.bundle.unit-test";
		};
		7E5ABD931B60483B00F11C77 /* KanjiScript */ = {
			isa = PBXNativeTarget;
			buildConfigurationList = 7E5ABDA51B60483C00F11C77 /* Build configuration list for PBXNativeTarget "KanjiScript" */;
			buildPhases = (
				7E5ABD8F1B60483B00F11C77 /* Sources */,
				7E5ABD901B60483B00F11C77 /* Frameworks */,
				7E5ABD911B60483B00F11C77 /* Headers */,
				7E5ABD921B60483B00F11C77 /* Resources */,
			);
			buildRules = (
			);
			dependencies = (
				7E7D86B21B711AE400D0F5DC /* PBXTargetDependency */,
			);
			name = KanjiScript;
			productName = KanjiScript;
			productReference = 7E5ABD941B60483B00F11C77 /* KanjiScript.framework */;
			productType = "com.apple.product-type.framework";
		};
		7E5ABD9C1B60483C00F11C77 /* KanjiScriptTests */ = {
			isa = PBXNativeTarget;
			buildConfigurationList = 7E5ABDA81B60483C00F11C77 /* Build configuration list for PBXNativeTarget "KanjiScriptTests" */;
			buildPhases = (
				7E5ABD991B60483C00F11C77 /* Sources */,
				7E5ABD9A1B60483C00F11C77 /* Frameworks */,
				7E5ABD9B1B60483C00F11C77 /* Resources */,
			);
			buildRules = (
			);
			dependencies = (
				7E5ABDA01B60483C00F11C77 /* PBXTargetDependency */,
			);
			name = KanjiScriptTests;
			productName = KanjiScriptTests;
			productReference = 7E5ABD9D1B60483C00F11C77 /* KanjiScriptTests.xctest */;
			productType = "com.apple.product-type.bundle.unit-test";
		};
		7E5D8B461B66F3250038E02B /* KanjiGen */ = {
			isa = PBXNativeTarget;
			buildConfigurationList = 7E5D8B5C1B66F3260038E02B /* Build configuration list for PBXNativeTarget "KanjiGen" */;
			buildPhases = (
				7E5D8B421B66F3250038E02B /* Sources */,
				7E5D8B431B66F3250038E02B /* Frameworks */,
				7E5D8B441B66F3250038E02B /* Headers */,
				7E5D8B451B66F3250038E02B /* Resources */,
			);
			buildRules = (
			);
			dependencies = (
				7E7D86AE1B711ADA00D0F5DC /* PBXTargetDependency */,
			);
			name = KanjiGen;
			productName = KanjiGen;
			productReference = 7E5D8B471B66F3250038E02B /* KanjiGen.framework */;
			productType = "com.apple.product-type.framework";
		};
		7E5D8B4F1B66F3260038E02B /* KanjiGenTests */ = {
			isa = PBXNativeTarget;
			buildConfigurationList = 7E5D8B5D1B66F3260038E02B /* Build configuration list for PBXNativeTarget "KanjiGenTests" */;
			buildPhases = (
				7E5D8B4C1B66F3260038E02B /* Sources */,
				7E5D8B4D1B66F3260038E02B /* Frameworks */,
				7E5D8B4E1B66F3260038E02B /* Resources */,
			);
			buildRules = (
			);
			dependencies = (
				7E5D8B531B66F3260038E02B /* PBXTargetDependency */,
			);
			name = KanjiGenTests;
			productName = KanjiGenTests;
			productReference = 7E5D8B501B66F3260038E02B /* KanjiGenTests.xctest */;
			productType = "com.apple.product-type.bundle.unit-test";
		};
		7EA888041AAAB6DF00C6DBB3 /* KanjiVM */ = {
			isa = PBXNativeTarget;
			buildConfigurationList = 7EA8881B1AAAB6DF00C6DBB3 /* Build configuration list for PBXNativeTarget "KanjiVM" */;
			buildPhases = (
				7EA888001AAAB6DF00C6DBB3 /* Sources */,
				7EA888011AAAB6DF00C6DBB3 /* Frameworks */,
				7EA888021AAAB6DF00C6DBB3 /* Headers */,
				7EA888031AAAB6DF00C6DBB3 /* Resources */,
			);
			buildRules = (
			);
			dependencies = (
			);
			name = KanjiVM;
			productName = KanjiVM;
			productReference = 7EA888051AAAB6DF00C6DBB3 /* KanjiVM.framework */;
			productType = "com.apple.product-type.framework";
		};
		7EA8880F1AAAB6DF00C6DBB3 /* KanjiVMTests */ = {
			isa = PBXNativeTarget;
			buildConfigurationList = 7EA8881E1AAAB6DF00C6DBB3 /* Build configuration list for PBXNativeTarget "KanjiVMTests" */;
			buildPhases = (
				7EA8880C1AAAB6DF00C6DBB3 /* Sources */,
				7EA8880D1AAAB6DF00C6DBB3 /* Frameworks */,
				7EA8880E1AAAB6DF00C6DBB3 /* Resources */,
			);
			buildRules = (
			);
			dependencies = (
				7EA888131AAAB6DF00C6DBB3 /* PBXTargetDependency */,
			);
			name = KanjiVMTests;
			productName = KanjiVMTests;
			productReference = 7EA888101AAAB6DF00C6DBB3 /* KanjiVMTests.xctest */;
			productType = "com.apple.product-type.bundle.unit-test";
		};
/* End PBXNativeTarget section */

/* Begin PBXProject section */
		7EA887FC1AAAB6DF00C6DBB3 /* Project object */ = {
			isa = PBXProject;
			attributes = {
				LastSwiftUpdateCheck = 0700;
				LastUpgradeCheck = 0700;
				ORGANIZATIONNAME = io.glimpse;
				TargetAttributes = {
					7E0E8C231B6FA7170003FEC6 = {
						CreatedOnToolsVersion = 7.0;
					};
					7E0E8C2C1B6FA7170003FEC6 = {
						CreatedOnToolsVersion = 7.0;
					};
					7E5ABD931B60483B00F11C77 = {
						CreatedOnToolsVersion = 7.0;
					};
					7E5ABD9C1B60483C00F11C77 = {
						CreatedOnToolsVersion = 7.0;
					};
					7E5D8B461B66F3250038E02B = {
						CreatedOnToolsVersion = 7.0;
					};
					7E5D8B4F1B66F3260038E02B = {
						CreatedOnToolsVersion = 7.0;
					};
					7EA888041AAAB6DF00C6DBB3 = {
						CreatedOnToolsVersion = 6.3;
					};
					7EA8880F1AAAB6DF00C6DBB3 = {
						CreatedOnToolsVersion = 6.3;
					};
				};
			};
			buildConfigurationList = 7EA887FF1AAAB6DF00C6DBB3 /* Build configuration list for PBXProject "Kanji" */;
			compatibilityVersion = "Xcode 3.2";
			developmentRegion = English;
			hasScannedForEncodings = 0;
			knownRegions = (
				en,
			);
			mainGroup = 7EA887FB1AAAB6DF00C6DBB3;
			productRefGroup = 7EA888061AAAB6DF00C6DBB3 /* Products */;
			projectDirPath = "";
			projectRoot = "";
			targets = (
				7EA888041AAAB6DF00C6DBB3 /* KanjiVM */,
				7EA8880F1AAAB6DF00C6DBB3 /* KanjiVMTests */,
				7E0E8C231B6FA7170003FEC6 /* KanjiLib */,
				7E0E8C2C1B6FA7170003FEC6 /* KanjiLibTests */,
				7E5ABD931B60483B00F11C77 /* KanjiScript */,
				7E5ABD9C1B60483C00F11C77 /* KanjiScriptTests */,
				7E5D8B461B66F3250038E02B /* KanjiGen */,
				7E5D8B4F1B66F3260038E02B /* KanjiGenTests */,
			);
		};
/* End PBXProject section */

/* Begin PBXResourcesBuildPhase section */
		7E0E8C221B6FA7170003FEC6 /* Resources */ = {
			isa = PBXResourcesBuildPhase;
			buildActionMask = 2147483647;
			files = (
			);
			runOnlyForDeploymentPostprocessing = 0;
		};
		7E0E8C2B1B6FA7170003FEC6 /* Resources */ = {
			isa = PBXResourcesBuildPhase;
			buildActionMask = 2147483647;
			files = (
			);
			runOnlyForDeploymentPostprocessing = 0;
		};
		7E5ABD921B60483B00F11C77 /* Resources */ = {
			isa = PBXResourcesBuildPhase;
			buildActionMask = 2147483647;
			files = (
			);
			runOnlyForDeploymentPostprocessing = 0;
		};
		7E5ABD9B1B60483C00F11C77 /* Resources */ = {
			isa = PBXResourcesBuildPhase;
			buildActionMask = 2147483647;
			files = (
			);
			runOnlyForDeploymentPostprocessing = 0;
		};
		7E5D8B451B66F3250038E02B /* Resources */ = {
			isa = PBXResourcesBuildPhase;
			buildActionMask = 2147483647;
			files = (
			);
			runOnlyForDeploymentPostprocessing = 0;
		};
		7E5D8B4E1B66F3260038E02B /* Resources */ = {
			isa = PBXResourcesBuildPhase;
			buildActionMask = 2147483647;
			files = (
			);
			runOnlyForDeploymentPostprocessing = 0;
		};
		7EA888031AAAB6DF00C6DBB3 /* Resources */ = {
			isa = PBXResourcesBuildPhase;
			buildActionMask = 2147483647;
			files = (
				7E7D86B41B714A2B00D0F5DC /* jdk1.8.0_51.jdk in Resources */,
			);
			runOnlyForDeploymentPostprocessing = 0;
		};
		7EA8880E1AAAB6DF00C6DBB3 /* Resources */ = {
			isa = PBXResourcesBuildPhase;
			buildActionMask = 2147483647;
			files = (
			);
			runOnlyForDeploymentPostprocessing = 0;
		};
/* End PBXResourcesBuildPhase section */

/* Begin PBXSourcesBuildPhase section */
		7E0E8C1F1B6FA7170003FEC6 /* Sources */ = {
			isa = PBXSourcesBuildPhase;
			buildActionMask = 2147483647;
			files = (
				7E0E8C441B6FA85E0003FEC6 /* KanjiLib.swift in Sources */,
				7EFA6B0E1B703F9F00EF276A /* JavaLib.swift in Sources */,
			);
			runOnlyForDeploymentPostprocessing = 0;
		};
		7E0E8C291B6FA7170003FEC6 /* Sources */ = {
			isa = PBXSourcesBuildPhase;
			buildActionMask = 2147483647;
			files = (
				7E0E8C331B6FA7170003FEC6 /* KanjiLibTests.swift in Sources */,
			);
			runOnlyForDeploymentPostprocessing = 0;
		};
		7E5ABD8F1B60483B00F11C77 /* Sources */ = {
			isa = PBXSourcesBuildPhase;
			buildActionMask = 2147483647;
			files = (
				7E5ABDB01B60488C00F11C77 /* KanjiScript.swift in Sources */,
			);
			runOnlyForDeploymentPostprocessing = 0;
		};
		7E5ABD991B60483C00F11C77 /* Sources */ = {
			isa = PBXSourcesBuildPhase;
			buildActionMask = 2147483647;
			files = (
				7E5ABDA31B60483C00F11C77 /* KanjiScriptTests.swift in Sources */,
			);
			runOnlyForDeploymentPostprocessing = 0;
		};
		7E5D8B421B66F3250038E02B /* Sources */ = {
			isa = PBXSourcesBuildPhase;
			buildActionMask = 2147483647;
			files = (
				7E0E8C461B6FB5AD0003FEC6 /* KanjiGenerator.swift in Sources */,
			);
			runOnlyForDeploymentPostprocessing = 0;
		};
		7E5D8B4C1B66F3260038E02B /* Sources */ = {
			isa = PBXSourcesBuildPhase;
			buildActionMask = 2147483647;
			files = (
				7E5D8B561B66F3260038E02B /* KanjiGenTests.swift in Sources */,
			);
			runOnlyForDeploymentPostprocessing = 0;
		};
		7EA888001AAAB6DF00C6DBB3 /* Sources */ = {
			isa = PBXSourcesBuildPhase;
			buildActionMask = 2147483647;
			files = (
				7EA888371AAAD7EB00C6DBB3 /* javashim.c in Sources */,
				7EA888301AAAB8B900C6DBB3 /* JVM.swift in Sources */,
			);
			runOnlyForDeploymentPostprocessing = 0;
		};
		7EA8880C1AAAB6DF00C6DBB3 /* Sources */ = {
			isa = PBXSourcesBuildPhase;
			buildActionMask = 2147483647;
			files = (
				7EA888181AAAB6DF00C6DBB3 /* KanjiVMTests.swift in Sources */,
			);
			runOnlyForDeploymentPostprocessing = 0;
		};
/* End PBXSourcesBuildPhase section */

/* Begin PBXTargetDependency section */
		7E0E8C301B6FA7170003FEC6 /* PBXTargetDependency */ = {
			isa = PBXTargetDependency;
			target = 7E0E8C231B6FA7170003FEC6 /* KanjiLib */;
			targetProxy = 7E0E8C2F1B6FA7170003FEC6 /* PBXContainerItemProxy */;
		};
		7E5ABDA01B60483C00F11C77 /* PBXTargetDependency */ = {
			isa = PBXTargetDependency;
			target = 7E5ABD931B60483B00F11C77 /* KanjiScript */;
			targetProxy = 7E5ABD9F1B60483C00F11C77 /* PBXContainerItemProxy */;
		};
		7E5D8B531B66F3260038E02B /* PBXTargetDependency */ = {
			isa = PBXTargetDependency;
			target = 7E5D8B461B66F3250038E02B /* KanjiGen */;
			targetProxy = 7E5D8B521B66F3260038E02B /* PBXContainerItemProxy */;
		};
		7E7D86AE1B711ADA00D0F5DC /* PBXTargetDependency */ = {
			isa = PBXTargetDependency;
			target = 7EA888041AAAB6DF00C6DBB3 /* KanjiVM */;
			targetProxy = 7E7D86AD1B711ADA00D0F5DC /* PBXContainerItemProxy */;
		};
		7E7D86B01B711AE000D0F5DC /* PBXTargetDependency */ = {
			isa = PBXTargetDependency;
			target = 7EA888041AAAB6DF00C6DBB3 /* KanjiVM */;
			targetProxy = 7E7D86AF1B711AE000D0F5DC /* PBXContainerItemProxy */;
		};
		7E7D86B21B711AE400D0F5DC /* PBXTargetDependency */ = {
			isa = PBXTargetDependency;
			target = 7E0E8C231B6FA7170003FEC6 /* KanjiLib */;
			targetProxy = 7E7D86B11B711AE400D0F5DC /* PBXContainerItemProxy */;
		};
		7EA888131AAAB6DF00C6DBB3 /* PBXTargetDependency */ = {
			isa = PBXTargetDependency;
			target = 7EA888041AAAB6DF00C6DBB3 /* KanjiVM */;
			targetProxy = 7EA888121AAAB6DF00C6DBB3 /* PBXContainerItemProxy */;
		};
/* End PBXTargetDependency section */

/* Begin XCBuildConfiguration section */
		7E0E8C361B6FA7170003FEC6 /* Debug */ = {
			isa = XCBuildConfiguration;
			buildSettings = {
				COMBINE_HIDPI_IMAGES = YES;
				DEFINES_MODULE = YES;
				DYLIB_COMPATIBILITY_VERSION = 1;
				DYLIB_CURRENT_VERSION = 1;
				DYLIB_INSTALL_NAME_BASE = "@rpath";
				FRAMEWORK_VERSION = A;
				INFOPLIST_FILE = KanjiLib/Info.plist;
				INSTALL_PATH = "$(LOCAL_LIBRARY_DIR)/Frameworks";
				LD_RUNPATH_SEARCH_PATHS = "$(inherited) @executable_path/../Frameworks @loader_path/Frameworks";
				MACOSX_DEPLOYMENT_TARGET = 10.11;
				PRODUCT_BUNDLE_IDENTIFIER = io.glimpse.KanjiLib;
				PRODUCT_NAME = "$(TARGET_NAME)";
				SKIP_INSTALL = YES;
			};
			name = Debug;
		};
		7E0E8C371B6FA7170003FEC6 /* Release */ = {
			isa = XCBuildConfiguration;
			buildSettings = {
				COMBINE_HIDPI_IMAGES = YES;
				DEFINES_MODULE = YES;
				DYLIB_COMPATIBILITY_VERSION = 1;
				DYLIB_CURRENT_VERSION = 1;
				DYLIB_INSTALL_NAME_BASE = "@rpath";
				FRAMEWORK_VERSION = A;
				INFOPLIST_FILE = KanjiLib/Info.plist;
				INSTALL_PATH = "$(LOCAL_LIBRARY_DIR)/Frameworks";
				LD_RUNPATH_SEARCH_PATHS = "$(inherited) @executable_path/../Frameworks @loader_path/Frameworks";
				MACOSX_DEPLOYMENT_TARGET = 10.11;
				PRODUCT_BUNDLE_IDENTIFIER = io.glimpse.KanjiLib;
				PRODUCT_NAME = "$(TARGET_NAME)";
				SKIP_INSTALL = YES;
			};
			name = Release;
		};
		7E0E8C391B6FA7170003FEC6 /* Debug */ = {
			isa = XCBuildConfiguration;
			buildSettings = {
				COMBINE_HIDPI_IMAGES = YES;
				INFOPLIST_FILE = KanjiLibTests/Info.plist;
				LD_RUNPATH_SEARCH_PATHS = "$(inherited) @executable_path/../Frameworks @loader_path/../Frameworks";
				MACOSX_DEPLOYMENT_TARGET = 10.11;
				PRODUCT_BUNDLE_IDENTIFIER = io.glimpse.KanjiLibTests;
				PRODUCT_NAME = "$(TARGET_NAME)";
			};
			name = Debug;
		};
		7E0E8C3A1B6FA7170003FEC6 /* Release */ = {
			isa = XCBuildConfiguration;
			buildSettings = {
				COMBINE_HIDPI_IMAGES = YES;
				INFOPLIST_FILE = KanjiLibTests/Info.plist;
				LD_RUNPATH_SEARCH_PATHS = "$(inherited) @executable_path/../Frameworks @loader_path/../Frameworks";
				MACOSX_DEPLOYMENT_TARGET = 10.11;
				PRODUCT_BUNDLE_IDENTIFIER = io.glimpse.KanjiLibTests;
				PRODUCT_NAME = "$(TARGET_NAME)";
			};
			name = Release;
		};
		7E5ABDA61B60483C00F11C77 /* Debug */ = {
			isa = XCBuildConfiguration;
			buildSettings = {
				CLANG_ENABLE_MODULES = YES;
				COMBINE_HIDPI_IMAGES = YES;
				DEFINES_MODULE = YES;
				DYLIB_COMPATIBILITY_VERSION = 1;
				DYLIB_CURRENT_VERSION = 1;
				DYLIB_INSTALL_NAME_BASE = "@rpath";
				FRAMEWORK_VERSION = A;
				INFOPLIST_FILE = KanjiScript/Info.plist;
				INSTALL_PATH = "$(LOCAL_LIBRARY_DIR)/Frameworks";
				LD_RUNPATH_SEARCH_PATHS = "$(inherited) @executable_path/../Frameworks @loader_path/Frameworks";
				MACOSX_DEPLOYMENT_TARGET = 10.11;
				PRODUCT_BUNDLE_IDENTIFIER = io.glimpse.KanjiScript;
				PRODUCT_NAME = "$(TARGET_NAME)";
				SKIP_INSTALL = YES;
				SWIFT_OPTIMIZATION_LEVEL = "-Onone";
			};
			name = Debug;
		};
		7E5ABDA71B60483C00F11C77 /* Release */ = {
			isa = XCBuildConfiguration;
			buildSettings = {
				CLANG_ENABLE_MODULES = YES;
				COMBINE_HIDPI_IMAGES = YES;
				DEFINES_MODULE = YES;
				DYLIB_COMPATIBILITY_VERSION = 1;
				DYLIB_CURRENT_VERSION = 1;
				DYLIB_INSTALL_NAME_BASE = "@rpath";
				FRAMEWORK_VERSION = A;
				INFOPLIST_FILE = KanjiScript/Info.plist;
				INSTALL_PATH = "$(LOCAL_LIBRARY_DIR)/Frameworks";
				LD_RUNPATH_SEARCH_PATHS = "$(inherited) @executable_path/../Frameworks @loader_path/Frameworks";
				MACOSX_DEPLOYMENT_TARGET = 10.11;
				PRODUCT_BUNDLE_IDENTIFIER = io.glimpse.KanjiScript;
				PRODUCT_NAME = "$(TARGET_NAME)";
				SKIP_INSTALL = YES;
			};
			name = Release;
		};
		7E5ABDA91B60483C00F11C77 /* Debug */ = {
			isa = XCBuildConfiguration;
			buildSettings = {
				COMBINE_HIDPI_IMAGES = YES;
				INFOPLIST_FILE = KanjiScriptTests/Info.plist;
				LD_RUNPATH_SEARCH_PATHS = "$(inherited) @executable_path/../Frameworks @loader_path/../Frameworks";
				MACOSX_DEPLOYMENT_TARGET = 10.11;
				PRODUCT_BUNDLE_IDENTIFIER = io.glimpse.KanjiScriptTests;
				PRODUCT_NAME = "$(TARGET_NAME)";
			};
			name = Debug;
		};
		7E5ABDAA1B60483C00F11C77 /* Release */ = {
			isa = XCBuildConfiguration;
			buildSettings = {
				COMBINE_HIDPI_IMAGES = YES;
				INFOPLIST_FILE = KanjiScriptTests/Info.plist;
				LD_RUNPATH_SEARCH_PATHS = "$(inherited) @executable_path/../Frameworks @loader_path/../Frameworks";
				MACOSX_DEPLOYMENT_TARGET = 10.11;
				PRODUCT_BUNDLE_IDENTIFIER = io.glimpse.KanjiScriptTests;
				PRODUCT_NAME = "$(TARGET_NAME)";
			};
			name = Release;
		};
		7E5D8B581B66F3260038E02B /* Debug */ = {
			isa = XCBuildConfiguration;
			buildSettings = {
				CLANG_ENABLE_MODULES = YES;
				COMBINE_HIDPI_IMAGES = YES;
				DEFINES_MODULE = YES;
				DYLIB_COMPATIBILITY_VERSION = 1;
				DYLIB_CURRENT_VERSION = 1;
				DYLIB_INSTALL_NAME_BASE = "@rpath";
				FRAMEWORK_VERSION = A;
				INFOPLIST_FILE = KanjiGen/Info.plist;
				INSTALL_PATH = "$(LOCAL_LIBRARY_DIR)/Frameworks";
				LD_RUNPATH_SEARCH_PATHS = "$(inherited) @executable_path/../Frameworks @loader_path/Frameworks";
				MACOSX_DEPLOYMENT_TARGET = 10.11;
				PRODUCT_BUNDLE_IDENTIFIER = io.glimpse.KanjiGen;
				PRODUCT_NAME = "$(TARGET_NAME)";
				SKIP_INSTALL = YES;
				SWIFT_OPTIMIZATION_LEVEL = "-Onone";
			};
			name = Debug;
		};
		7E5D8B591B66F3260038E02B /* Release */ = {
			isa = XCBuildConfiguration;
			buildSettings = {
				CLANG_ENABLE_MODULES = YES;
				COMBINE_HIDPI_IMAGES = YES;
				DEFINES_MODULE = YES;
				DYLIB_COMPATIBILITY_VERSION = 1;
				DYLIB_CURRENT_VERSION = 1;
				DYLIB_INSTALL_NAME_BASE = "@rpath";
				FRAMEWORK_VERSION = A;
				INFOPLIST_FILE = KanjiGen/Info.plist;
				INSTALL_PATH = "$(LOCAL_LIBRARY_DIR)/Frameworks";
				LD_RUNPATH_SEARCH_PATHS = "$(inherited) @executable_path/../Frameworks @loader_path/Frameworks";
				MACOSX_DEPLOYMENT_TARGET = 10.11;
				PRODUCT_BUNDLE_IDENTIFIER = io.glimpse.KanjiGen;
				PRODUCT_NAME = "$(TARGET_NAME)";
				SKIP_INSTALL = YES;
			};
			name = Release;
		};
		7E5D8B5A1B66F3260038E02B /* Debug */ = {
			isa = XCBuildConfiguration;
			buildSettings = {
				COMBINE_HIDPI_IMAGES = YES;
				INFOPLIST_FILE = KanjiGenTests/Info.plist;
				LD_RUNPATH_SEARCH_PATHS = "$(inherited) @executable_path/../Frameworks @loader_path/../Frameworks";
				MACOSX_DEPLOYMENT_TARGET = 10.11;
				PRODUCT_BUNDLE_IDENTIFIER = io.glimpse.KanjiGenTests;
				PRODUCT_NAME = "$(TARGET_NAME)";
			};
			name = Debug;
		};
		7E5D8B5B1B66F3260038E02B /* Release */ = {
			isa = XCBuildConfiguration;
			buildSettings = {
				COMBINE_HIDPI_IMAGES = YES;
				INFOPLIST_FILE = KanjiGenTests/Info.plist;
				LD_RUNPATH_SEARCH_PATHS = "$(inherited) @executable_path/../Frameworks @loader_path/../Frameworks";
				MACOSX_DEPLOYMENT_TARGET = 10.11;
				PRODUCT_BUNDLE_IDENTIFIER = io.glimpse.KanjiGenTests;
				PRODUCT_NAME = "$(TARGET_NAME)";
			};
			name = Release;
		};
		7EA888191AAAB6DF00C6DBB3 /* Debug */ = {
			isa = XCBuildConfiguration;
			buildSettings = {
				ALWAYS_SEARCH_USER_PATHS = NO;
				CLANG_CXX_LANGUAGE_STANDARD = "gnu++0x";
				CLANG_CXX_LIBRARY = "libc++";
				CLANG_ENABLE_MODULES = YES;
				CLANG_ENABLE_OBJC_ARC = YES;
				CLANG_WARN_BOOL_CONVERSION = YES;
				CLANG_WARN_CONSTANT_CONVERSION = YES;
				CLANG_WARN_DIRECT_OBJC_ISA_USAGE = YES_ERROR;
				CLANG_WARN_EMPTY_BODY = YES;
				CLANG_WARN_ENUM_CONVERSION = YES;
				CLANG_WARN_INT_CONVERSION = YES;
				CLANG_WARN_OBJC_ROOT_CLASS = YES_ERROR;
				CLANG_WARN_UNREACHABLE_CODE = YES;
				CLANG_WARN__DUPLICATE_METHOD_MATCH = YES;
				COPY_PHASE_STRIP = NO;
				CURRENT_PROJECT_VERSION = 1;
				DEBUG_INFORMATION_FORMAT = dwarf;
				ENABLE_STRICT_OBJC_MSGSEND = YES;
				ENABLE_TESTABILITY = YES;
				GCC_C_LANGUAGE_STANDARD = gnu99;
				GCC_DYNAMIC_NO_PIC = NO;
				GCC_NO_COMMON_BLOCKS = YES;
				GCC_OPTIMIZATION_LEVEL = 0;
				GCC_PREPROCESSOR_DEFINITIONS = (
					"DEBUG=1",
					"$(inherited)",
				);
				GCC_SYMBOLS_PRIVATE_EXTERN = NO;
				GCC_WARN_64_TO_32_BIT_CONVERSION = YES;
				GCC_WARN_ABOUT_RETURN_TYPE = YES_ERROR;
				GCC_WARN_UNDECLARED_SELECTOR = YES;
				GCC_WARN_UNINITIALIZED_AUTOS = YES_AGGRESSIVE;
				GCC_WARN_UNUSED_FUNCTION = YES;
				GCC_WARN_UNUSED_VARIABLE = YES;
				MACOSX_DEPLOYMENT_TARGET = 10.10;
				MTL_ENABLE_DEBUG_INFO = YES;
				ONLY_ACTIVE_ARCH = YES;
				SDKROOT = macosx;
				SWIFT_OPTIMIZATION_LEVEL = "-Onone";
				VERSIONING_SYSTEM = "apple-generic";
				VERSION_INFO_PREFIX = "";
			};
			name = Debug;
		};
		7EA8881A1AAAB6DF00C6DBB3 /* Release */ = {
			isa = XCBuildConfiguration;
			buildSettings = {
				ALWAYS_SEARCH_USER_PATHS = NO;
				CLANG_CXX_LANGUAGE_STANDARD = "gnu++0x";
				CLANG_CXX_LIBRARY = "libc++";
				CLANG_ENABLE_MODULES = YES;
				CLANG_ENABLE_OBJC_ARC = YES;
				CLANG_WARN_BOOL_CONVERSION = YES;
				CLANG_WARN_CONSTANT_CONVERSION = YES;
				CLANG_WARN_DIRECT_OBJC_ISA_USAGE = YES_ERROR;
				CLANG_WARN_EMPTY_BODY = YES;
				CLANG_WARN_ENUM_CONVERSION = YES;
				CLANG_WARN_INT_CONVERSION = YES;
				CLANG_WARN_OBJC_ROOT_CLASS = YES_ERROR;
				CLANG_WARN_UNREACHABLE_CODE = YES;
				CLANG_WARN__DUPLICATE_METHOD_MATCH = YES;
				COPY_PHASE_STRIP = NO;
				CURRENT_PROJECT_VERSION = 1;
				DEBUG_INFORMATION_FORMAT = "dwarf-with-dsym";
				ENABLE_NS_ASSERTIONS = NO;
				ENABLE_STRICT_OBJC_MSGSEND = YES;
				GCC_C_LANGUAGE_STANDARD = gnu99;
				GCC_NO_COMMON_BLOCKS = YES;
				GCC_WARN_64_TO_32_BIT_CONVERSION = YES;
				GCC_WARN_ABOUT_RETURN_TYPE = YES_ERROR;
				GCC_WARN_UNDECLARED_SELECTOR = YES;
				GCC_WARN_UNINITIALIZED_AUTOS = YES_AGGRESSIVE;
				GCC_WARN_UNUSED_FUNCTION = YES;
				GCC_WARN_UNUSED_VARIABLE = YES;
				MACOSX_DEPLOYMENT_TARGET = 10.10;
				MTL_ENABLE_DEBUG_INFO = NO;
				SDKROOT = macosx;
				VERSIONING_SYSTEM = "apple-generic";
				VERSION_INFO_PREFIX = "";
			};
			name = Release;
		};
		7EA8881C1AAAB6DF00C6DBB3 /* Debug */ = {
			isa = XCBuildConfiguration;
			buildSettings = {
				APPLICATION_EXTENSION_API_ONLY = NO;
				CLANG_ALLOW_NON_MODULAR_INCLUDES_IN_FRAMEWORK_MODULES = YES;
				CLANG_ENABLE_MODULES = YES;
				COMBINE_HIDPI_IMAGES = YES;
				DEFINES_MODULE = YES;
				DYLIB_COMPATIBILITY_VERSION = 1;
				DYLIB_CURRENT_VERSION = 1;
				DYLIB_INSTALL_NAME_BASE = "@rpath";
				FRAMEWORK_VERSION = A;
				INFOPLIST_FILE = KanjiVM/Info.plist;
				INSTALL_PATH = "$(LOCAL_LIBRARY_DIR)/Frameworks";
				LD_RUNPATH_SEARCH_PATHS = "$(inherited) @executable_path/../Frameworks @loader_path/Frameworks @loader_path/Resources/jdk1.8.0_51.jdk/Contents/Home/jre/lib/jli";
				LIBRARY_SEARCH_PATHS = (
					"$(inherited)",
					"$(LOCAL_LIBRARY_DIR)/Java/JavaVirtualMachines/jdk1.8.0_40.jdk/Contents/MacOS",
					"$(LOCAL_LIBRARY_DIR)/Java/JavaVirtualMachines/jdk1.8.0_51.jdk/Contents/MacOS",
				);
				PRODUCT_BUNDLE_IDENTIFIER = "io.glimpse.$(PRODUCT_NAME:rfc1034identifier)";
				PRODUCT_NAME = "$(TARGET_NAME)";
				SKIP_INSTALL = YES;
				SWIFT_INSTALL_OBJC_HEADER = NO;
				SWIFT_OPTIMIZATION_LEVEL = "-Onone";
			};
			name = Debug;
		};
		7EA8881D1AAAB6DF00C6DBB3 /* Release */ = {
			isa = XCBuildConfiguration;
			buildSettings = {
				APPLICATION_EXTENSION_API_ONLY = NO;
				CLANG_ALLOW_NON_MODULAR_INCLUDES_IN_FRAMEWORK_MODULES = YES;
				CLANG_ENABLE_MODULES = YES;
				COMBINE_HIDPI_IMAGES = YES;
				DEFINES_MODULE = YES;
				DYLIB_COMPATIBILITY_VERSION = 1;
				DYLIB_CURRENT_VERSION = 1;
				DYLIB_INSTALL_NAME_BASE = "@rpath";
				FRAMEWORK_VERSION = A;
				INFOPLIST_FILE = KanjiVM/Info.plist;
				INSTALL_PATH = "$(LOCAL_LIBRARY_DIR)/Frameworks";
				LD_RUNPATH_SEARCH_PATHS = "$(inherited) @executable_path/../Frameworks @loader_path/Frameworks @loader_path/Resources/jdk1.8.0_51.jdk/Contents/Home/jre/lib/jli";
				LIBRARY_SEARCH_PATHS = (
					"$(inherited)",
					"$(LOCAL_LIBRARY_DIR)/Java/JavaVirtualMachines/jdk1.8.0_40.jdk/Contents/MacOS",
					"$(LOCAL_LIBRARY_DIR)/Java/JavaVirtualMachines/jdk1.8.0_51.jdk/Contents/MacOS",
				);
				PRODUCT_BUNDLE_IDENTIFIER = "io.glimpse.$(PRODUCT_NAME:rfc1034identifier)";
				PRODUCT_NAME = "$(TARGET_NAME)";
				SKIP_INSTALL = YES;
				SWIFT_INSTALL_OBJC_HEADER = NO;
			};
			name = Release;
		};
		7EA8881F1AAAB6DF00C6DBB3 /* Debug */ = {
			isa = XCBuildConfiguration;
			buildSettings = {
				COMBINE_HIDPI_IMAGES = YES;
				FRAMEWORK_SEARCH_PATHS = (
					"$(DEVELOPER_FRAMEWORKS_DIR)",
					"$(inherited)",
				);
				GCC_PREPROCESSOR_DEFINITIONS = (
					"DEBUG=1",
					"$(inherited)",
				);
				INFOPLIST_FILE = KanjiVMTests/Info.plist;
				LD_RUNPATH_SEARCH_PATHS = "$(inherited) @executable_path/../Frameworks @loader_path/../Frameworks";
				PRODUCT_BUNDLE_IDENTIFIER = "io.glimpse.$(PRODUCT_NAME:rfc1034identifier)";
				PRODUCT_NAME = "$(TARGET_NAME)";
			};
			name = Debug;
		};
		7EA888201AAAB6DF00C6DBB3 /* Release */ = {
			isa = XCBuildConfiguration;
			buildSettings = {
				COMBINE_HIDPI_IMAGES = YES;
				FRAMEWORK_SEARCH_PATHS = (
					"$(DEVELOPER_FRAMEWORKS_DIR)",
					"$(inherited)",
				);
				INFOPLIST_FILE = KanjiVMTests/Info.plist;
				LD_RUNPATH_SEARCH_PATHS = "$(inherited) @executable_path/../Frameworks @loader_path/../Frameworks";
				PRODUCT_BUNDLE_IDENTIFIER = "io.glimpse.$(PRODUCT_NAME:rfc1034identifier)";
				PRODUCT_NAME = "$(TARGET_NAME)";
			};
			name = Release;
		};
/* End XCBuildConfiguration section */

/* Begin XCConfigurationList section */
		7E0E8C351B6FA7170003FEC6 /* Build configuration list for PBXNativeTarget "KanjiLib" */ = {
			isa = XCConfigurationList;
			buildConfigurations = (
				7E0E8C361B6FA7170003FEC6 /* Debug */,
				7E0E8C371B6FA7170003FEC6 /* Release */,
			);
			defaultConfigurationIsVisible = 0;
			defaultConfigurationName = Release;
		};
		7E0E8C381B6FA7170003FEC6 /* Build configuration list for PBXNativeTarget "KanjiLibTests" */ = {
			isa = XCConfigurationList;
			buildConfigurations = (
				7E0E8C391B6FA7170003FEC6 /* Debug */,
				7E0E8C3A1B6FA7170003FEC6 /* Release */,
			);
			defaultConfigurationIsVisible = 0;
			defaultConfigurationName = Release;
		};
		7E5ABDA51B60483C00F11C77 /* Build configuration list for PBXNativeTarget "KanjiScript" */ = {
			isa = XCConfigurationList;
			buildConfigurations = (
				7E5ABDA61B60483C00F11C77 /* Debug */,
				7E5ABDA71B60483C00F11C77 /* Release */,
			);
			defaultConfigurationIsVisible = 0;
			defaultConfigurationName = Release;
		};
		7E5ABDA81B60483C00F11C77 /* Build configuration list for PBXNativeTarget "KanjiScriptTests" */ = {
			isa = XCConfigurationList;
			buildConfigurations = (
				7E5ABDA91B60483C00F11C77 /* Debug */,
				7E5ABDAA1B60483C00F11C77 /* Release */,
			);
			defaultConfigurationIsVisible = 0;
			defaultConfigurationName = Release;
		};
		7E5D8B5C1B66F3260038E02B /* Build configuration list for PBXNativeTarget "KanjiGen" */ = {
			isa = XCConfigurationList;
			buildConfigurations = (
				7E5D8B581B66F3260038E02B /* Debug */,
				7E5D8B591B66F3260038E02B /* Release */,
			);
			defaultConfigurationIsVisible = 0;
			defaultConfigurationName = Release;
		};
		7E5D8B5D1B66F3260038E02B /* Build configuration list for PBXNativeTarget "KanjiGenTests" */ = {
			isa = XCConfigurationList;
			buildConfigurations = (
				7E5D8B5A1B66F3260038E02B /* Debug */,
				7E5D8B5B1B66F3260038E02B /* Release */,
			);
			defaultConfigurationIsVisible = 0;
			defaultConfigurationName = Release;
		};
		7EA887FF1AAAB6DF00C6DBB3 /* Build configuration list for PBXProject "Kanji" */ = {
			isa = XCConfigurationList;
			buildConfigurations = (
				7EA888191AAAB6DF00C6DBB3 /* Debug */,
				7EA8881A1AAAB6DF00C6DBB3 /* Release */,
			);
			defaultConfigurationIsVisible = 0;
			defaultConfigurationName = Release;
		};
		7EA8881B1AAAB6DF00C6DBB3 /* Build configuration list for PBXNativeTarget "KanjiVM" */ = {
			isa = XCConfigurationList;
			buildConfigurations = (
				7EA8881C1AAAB6DF00C6DBB3 /* Debug */,
				7EA8881D1AAAB6DF00C6DBB3 /* Release */,
			);
			defaultConfigurationIsVisible = 0;
			defaultConfigurationName = Release;
		};
		7EA8881E1AAAB6DF00C6DBB3 /* Build configuration list for PBXNativeTarget "KanjiVMTests" */ = {
			isa = XCConfigurationList;
			buildConfigurations = (
				7EA8881F1AAAB6DF00C6DBB3 /* Debug */,
				7EA888201AAAB6DF00C6DBB3 /* Release */,
			);
			defaultConfigurationIsVisible = 0;
			defaultConfigurationName = Release;
		};
/* End XCConfigurationList section */
	};
	rootObject = 7EA887FC1AAAB6DF00C6DBB3 /* Project object */;
}
